
Microsoft Visual Studio Solution File, Format Version 12.00
# Visual Studio Version 17
VisualStudioVersion = 17.5.33318.248
MinimumVisualStudioVersion = 10.0.40219.1
Project("{FAE04EC0-301F-11D3-BF4B-00C04F79EFBC}") = "SecretLock", "SecretLock.csproj", "{31A6264B-D639-482B-AD8E-6ABBC38FC244}"
EndProject
Global
	GlobalSection(SolutionConfigurationPlatforms) = preSolution
		Debug|Any CPU = Debug|Any CPU
		Release|Any CPU = Release|Any CPU
	EndGlobalSection
	GlobalSection(ProjectConfigurationPlatforms) = postSolution
		{31A6264B-D639-482B-AD8E-6ABBC38FC244}.Debug|Any CPU.ActiveCfg = Debug|Any CPU
		{31A6264B-D639-482B-AD8E-6ABBC38FC244}.Debug|Any CPU.Build.0 = Debug|Any CPU
		{31A6264B-D639-482B-AD8E-6ABBC38FC244}.Release|Any CPU.ActiveCfg = Release|Any CPU
		{31A6264B-D639-482B-AD8E-6ABBC38FC244}.Release|Any CPU.Build.0 = Release|Any CPU
	EndGlobalSection
	GlobalSection(SolutionProperties) = preSolution
		HideSolutionNode = FALSE
	EndGlobalSection
	GlobalSection(ExtensibilityGlobals) = postSolution
		SolutionGuid = {698E65A4-23E8-4BD0-AD1D-DF31B69D7C91}
	EndGlobalSection
EndGlobal
